// !$*UTF8*$!
{
	archiveVersion = 1;
	classes = {
	};
	objectVersion = 50;
	objects = {

/* Begin PBXBuildFile section */
		17760DBB218ADBB00072665B /* AppDelegate.swift in Sources */ = {isa = PBXBuildFile; fileRef = 17760DBA218ADBB00072665B /* AppDelegate.swift */; };
		17760DBD218ADBB00072665B /* ViewController.swift in Sources */ = {isa = PBXBuildFile; fileRef = 17760DBC218ADBB00072665B /* ViewController.swift */; };
		17760DC0218ADBB00072665B /* Main.storyboard in Resources */ = {isa = PBXBuildFile; fileRef = 17760DBE218ADBB00072665B /* Main.storyboard */; };
		17760DC3218ADBB00072665B /* Aquaspector.xcdatamodeld in Sources */ = {isa = PBXBuildFile; fileRef = 17760DC1218ADBB00072665B /* Aquaspector.xcdatamodeld */; };
		17760DC5218ADBB20072665B /* Assets.xcassets in Resources */ = {isa = PBXBuildFile; fileRef = 17760DC4218ADBB20072665B /* Assets.xcassets */; };
		17760DC8218ADBB20072665B /* LaunchScreen.storyboard in Resources */ = {isa = PBXBuildFile; fileRef = 17760DC6218ADBB20072665B /* LaunchScreen.storyboard */; };
		17760DD3218ADBB20072665B /* AquaspectorTests.swift in Sources */ = {isa = PBXBuildFile; fileRef = 17760DD2218ADBB20072665B /* AquaspectorTests.swift */; };
		17760DDE218ADBB20072665B /* AquaspectorUITests.swift in Sources */ = {isa = PBXBuildFile; fileRef = 17760DDD218ADBB20072665B /* AquaspectorUITests.swift */; };
/* End PBXBuildFile section */

/* Begin PBXContainerItemProxy section */
		17760DCF218ADBB20072665B /* PBXContainerItemProxy */ = {
			isa = PBXContainerItemProxy;
			containerPortal = 17760DAF218ADBB00072665B /* Project object */;
			proxyType = 1;
			remoteGlobalIDString = 17760DB6218ADBB00072665B;
			remoteInfo = Aquaspector;
		};
		17760DDA218ADBB20072665B /* PBXContainerItemProxy */ = {
			isa = PBXContainerItemProxy;
			containerPortal = 17760DAF218ADBB00072665B /* Project object */;
			proxyType = 1;
			remoteGlobalIDString = 17760DB6218ADBB00072665B;
			remoteInfo = Aquaspector;
		};
/* End PBXContainerItemProxy section */

/* Begin PBXFileReference section */
		17760DB7218ADBB00072665B /* Aquaspector.app */ = {isa = PBXFileReference; explicitFileType = wrapper.application; includeInIndex = 0; path = Aquaspector.app; sourceTree = BUILT_PRODUCTS_DIR; };
		17760DBA218ADBB00072665B /* AppDelegate.swift */ = {isa = PBXFileReference; lastKnownFileType = sourcecode.swift; path = AppDelegate.swift; sourceTree = "<group>"; };
		17760DBC218ADBB00072665B /* ViewController.swift */ = {isa = PBXFileReference; lastKnownFileType = sourcecode.swift; path = ViewController.swift; sourceTree = "<group>"; };
		17760DBF218ADBB00072665B /* Base */ = {isa = PBXFileReference; lastKnownFileType = file.storyboard; name = Base; path = Base.lproj/Main.storyboard; sourceTree = "<group>"; };
		17760DC2218ADBB00072665B /* Aquaspector.xcdatamodel */ = {isa = PBXFileReference; lastKnownFileType = wrapper.xcdatamodel; path = Aquaspector.xcdatamodel; sourceTree = "<group>"; };
		17760DC4218ADBB20072665B /* Assets.xcassets */ = {isa = PBXFileReference; lastKnownFileType = folder.assetcatalog; path = Assets.xcassets; sourceTree = "<group>"; };
		17760DC7218ADBB20072665B /* Base */ = {isa = PBXFileReference; lastKnownFileType = file.storyboard; name = Base; path = Base.lproj/LaunchScreen.storyboard; sourceTree = "<group>"; };
		17760DC9218ADBB20072665B /* Info.plist */ = {isa = PBXFileReference; lastKnownFileType = text.plist.xml; path = Info.plist; sourceTree = "<group>"; };
		17760DCE218ADBB20072665B /* AquaspectorTests.xctest */ = {isa = PBXFileReference; explicitFileType = wrapper.cfbundle; includeInIndex = 0; path = AquaspectorTests.xctest; sourceTree = BUILT_PRODUCTS_DIR; };
		17760DD2218ADBB20072665B /* AquaspectorTests.swift */ = {isa = PBXFileReference; lastKnownFileType = sourcecode.swift; path = AquaspectorTests.swift; sourceTree = "<group>"; };
		17760DD4218ADBB20072665B /* Info.plist */ = {isa = PBXFileReference; lastKnownFileType = text.plist.xml; path = Info.plist; sourceTree = "<group>"; };
		17760DD9218ADBB20072665B /* AquaspectorUITests.xctest */ = {isa = PBXFileReference; explicitFileType = wrapper.cfbundle; includeInIndex = 0; path = AquaspectorUITests.xctest; sourceTree = BUILT_PRODUCTS_DIR; };
		17760DDD218ADBB20072665B /* AquaspectorUITests.swift */ = {isa = PBXFileReference; lastKnownFileType = sourcecode.swift; path = AquaspectorUITests.swift; sourceTree = "<group>"; };
		17760DDF218ADBB20072665B /* Info.plist */ = {isa = PBXFileReference; lastKnownFileType = text.plist.xml; path = Info.plist; sourceTree = "<group>"; };
/* End PBXFileReference section */

/* Begin PBXFrameworksBuildPhase section */
		17760DB4218ADBB00072665B /* Frameworks */ = {
			isa = PBXFrameworksBuildPhase;
			buildActionMask = 2147483647;
			files = (
			);
			runOnlyForDeploymentPostprocessing = 0;
		};
		17760DCB218ADBB20072665B /* Frameworks */ = {
			isa = PBXFrameworksBuildPhase;
			buildActionMask = 2147483647;
			files = (
			);
			runOnlyForDeploymentPostprocessing = 0;
		};
		17760DD6218ADBB20072665B /* Frameworks */ = {
			isa = PBXFrameworksBuildPhase;
			buildActionMask = 2147483647;
			files = (
			);
			runOnlyForDeploymentPostprocessing = 0;
		};
/* End PBXFrameworksBuildPhase section */

/* Begin PBXGroup section */
		17760DAE218ADBB00072665B = {
			isa = PBXGroup;
			children = (
				17760DB9218ADBB00072665B /* Aquaspector */,
				17760DD1218ADBB20072665B /* AquaspectorTests */,
				17760DDC218ADBB20072665B /* AquaspectorUITests */,
				17760DB8218ADBB00072665B /* Products */,
			);
			sourceTree = "<group>";
		};
		17760DB8218ADBB00072665B /* Products */ = {
			isa = PBXGroup;
			children = (
				17760DB7218ADBB00072665B /* Aquaspector.app */,
				17760DCE218ADBB20072665B /* AquaspectorTests.xctest */,
				17760DD9218ADBB20072665B /* AquaspectorUITests.xctest */,
			);
			name = Products;
			sourceTree = "<group>";
		};
		17760DB9218ADBB00072665B /* Aquaspector */ = {
			isa = PBXGroup;
			children = (
				17760DBA218ADBB00072665B /* AppDelegate.swift */,
				17760DBC218ADBB00072665B /* ViewController.swift */,
				17760DBE218ADBB00072665B /* Main.storyboard */,
				17760DC4218ADBB20072665B /* Assets.xcassets */,
				17760DC6218ADBB20072665B /* LaunchScreen.storyboard */,
				17760DC9218ADBB20072665B /* Info.plist */,
				17760DC1218ADBB00072665B /* Aquaspector.xcdatamodeld */,
			);
			path = Aquaspector;
			sourceTree = "<group>";
		};
		17760DD1218ADBB20072665B /* AquaspectorTests */ = {
			isa = PBXGroup;
			children = (
				17760DD2218ADBB20072665B /* AquaspectorTests.swift */,
				17760DD4218ADBB20072665B /* Info.plist */,
			);
			path = AquaspectorTests;
			sourceTree = "<group>";
		};
		17760DDC218ADBB20072665B /* AquaspectorUITests */ = {
			isa = PBXGroup;
			children = (
				17760DDD218ADBB20072665B /* AquaspectorUITests.swift */,
				17760DDF218ADBB20072665B /* Info.plist */,
			);
			path = AquaspectorUITests;
			sourceTree = "<group>";
		};
/* End PBXGroup section */

/* Begin PBXNativeTarget section */
		17760DB6218ADBB00072665B /* Aquaspector */ = {
			isa = PBXNativeTarget;
			buildConfigurationList = 17760DE2218ADBB20072665B /* Build configuration list for PBXNativeTarget "Aquaspector" */;
			buildPhases = (
				17760DB3218ADBB00072665B /* Sources */,
				17760DB4218ADBB00072665B /* Frameworks */,
				17760DB5218ADBB00072665B /* Resources */,
			);
			buildRules = (
			);
			dependencies = (
			);
			name = Aquaspector;
			productName = Aquaspector;
			productReference = 17760DB7218ADBB00072665B /* Aquaspector.app */;
			productType = "com.apple.product-type.application";
		};
		17760DCD218ADBB20072665B /* AquaspectorTests */ = {
			isa = PBXNativeTarget;
			buildConfigurationList = 17760DE5218ADBB20072665B /* Build configuration list for PBXNativeTarget "AquaspectorTests" */;
			buildPhases = (
				17760DCA218ADBB20072665B /* Sources */,
				17760DCB218ADBB20072665B /* Frameworks */,
				17760DCC218ADBB20072665B /* Resources */,
			);
			buildRules = (
			);
			dependencies = (
				17760DD0218ADBB20072665B /* PBXTargetDependency */,
			);
			name = AquaspectorTests;
			productName = AquaspectorTests;
			productReference = 17760DCE218ADBB20072665B /* AquaspectorTests.xctest */;
			productType = "com.apple.product-type.bundle.unit-test";
		};
		17760DD8218ADBB20072665B /* AquaspectorUITests */ = {
			isa = PBXNativeTarget;
			buildConfigurationList = 17760DE8218ADBB20072665B /* Build configuration list for PBXNativeTarget "AquaspectorUITests" */;
			buildPhases = (
				17760DD5218ADBB20072665B /* Sources */,
				17760DD6218ADBB20072665B /* Frameworks */,
				17760DD7218ADBB20072665B /* Resources */,
			);
			buildRules = (
			);
			dependencies = (
				17760DDB218ADBB20072665B /* PBXTargetDependency */,
			);
			name = AquaspectorUITests;
			productName = AquaspectorUITests;
			productReference = 17760DD9218ADBB20072665B /* AquaspectorUITests.xctest */;
			productType = "com.apple.product-type.bundle.ui-testing";
		};
/* End PBXNativeTarget section */

/* Begin PBXProject section */
		17760DAF218ADBB00072665B /* Project object */ = {
			isa = PBXProject;
			attributes = {
				LastSwiftUpdateCheck = 1000;
				LastUpgradeCheck = 1000;
				ORGANIZATIONNAME = "CodeLife-Productions";
				TargetAttributes = {
					17760DB6218ADBB00072665B = {
						CreatedOnToolsVersion = 10.0;
					};
					17760DCD218ADBB20072665B = {
						CreatedOnToolsVersion = 10.0;
						TestTargetID = 17760DB6218ADBB00072665B;
					};
					17760DD8218ADBB20072665B = {
						CreatedOnToolsVersion = 10.0;
						TestTargetID = 17760DB6218ADBB00072665B;
					};
				};
			};
			buildConfigurationList = 17760DB2218ADBB00072665B /* Build configuration list for PBXProject "Aquaspector" */;
			compatibilityVersion = "Xcode 9.3";
			developmentRegion = en;
			hasScannedForEncodings = 0;
			knownRegions = (
				en,
				Base,
			);
			mainGroup = 17760DAE218ADBB00072665B;
			productRefGroup = 17760DB8218ADBB00072665B /* Products */;
			projectDirPath = "";
			projectRoot = "";
			targets = (
				17760DB6218ADBB00072665B /* Aquaspector */,
				17760DCD218ADBB20072665B /* AquaspectorTests */,
				17760DD8218ADBB20072665B /* AquaspectorUITests */,
			);
		};
/* End PBXProject section */

/* Begin PBXResourcesBuildPhase section */
		17760DB5218ADBB00072665B /* Resources */ = {
			isa = PBXResourcesBuildPhase;
			buildActionMask = 2147483647;
			files = (
				17760DC8218ADBB20072665B /* LaunchScreen.storyboard in Resources */,
				17760DC5218ADBB20072665B /* Assets.xcassets in Resources */,
				17760DC0218ADBB00072665B /* Main.storyboard in Resources */,
			);
			runOnlyForDeploymentPostprocessing = 0;
		};
		17760DCC218ADBB20072665B /* Resources */ = {
			isa = PBXResourcesBuildPhase;
			buildActionMask = 2147483647;
			files = (
			);
			runOnlyForDeploymentPostprocessing = 0;
		};
		17760DD7218ADBB20072665B /* Resources */ = {
			isa = PBXResourcesBuildPhase;
			buildActionMask = 2147483647;
			files = (
			);
			runOnlyForDeploymentPostprocessing = 0;
		};
/* End PBXResourcesBuildPhase section */

/* Begin PBXSourcesBuildPhase section */
		17760DB3218ADBB00072665B /* Sources */ = {
			isa = PBXSourcesBuildPhase;
			buildActionMask = 2147483647;
			files = (
				17760DBD218ADBB00072665B /* ViewController.swift in Sources */,
				17760DBB218ADBB00072665B /* AppDelegate.swift in Sources */,
				17760DC3218ADBB00072665B /* Aquaspector.xcdatamodeld in Sources */,
			);
			runOnlyForDeploymentPostprocessing = 0;
		};
		17760DCA218ADBB20072665B /* Sources */ = {
			isa = PBXSourcesBuildPhase;
			buildActionMask = 2147483647;
			files = (
				17760DD3218ADBB20072665B /* AquaspectorTests.swift in Sources */,
			);
			runOnlyForDeploymentPostprocessing = 0;
		};
		17760DD5218ADBB20072665B /* Sources */ = {
			isa = PBXSourcesBuildPhase;
			buildActionMask = 2147483647;
			files = (
				17760DDE218ADBB20072665B /* AquaspectorUITests.swift in Sources */,
			);
			runOnlyForDeploymentPostprocessing = 0;
		};
/* End PBXSourcesBuildPhase section */

/* Begin PBXTargetDependency section */
		17760DD0218ADBB20072665B /* PBXTargetDependency */ = {
			isa = PBXTargetDependency;
			target = 17760DB6218ADBB00072665B /* Aquaspector */;
			targetProxy = 17760DCF218ADBB20072665B /* PBXContainerItemProxy */;
		};
		17760DDB218ADBB20072665B /* PBXTargetDependency */ = {
			isa = PBXTargetDependency;
			target = 17760DB6218ADBB00072665B /* Aquaspector */;
			targetProxy = 17760DDA218ADBB20072665B /* PBXContainerItemProxy */;
		};
/* End PBXTargetDependency section */

/* Begin PBXVariantGroup section */
		17760DBE218ADBB00072665B /* Main.storyboard */ = {
			isa = PBXVariantGroup;
			children = (
				17760DBF218ADBB00072665B /* Base */,
			);
			name = Main.storyboard;
			sourceTree = "<group>";
		};
		17760DC6218ADBB20072665B /* LaunchScreen.storyboard */ = {
			isa = PBXVariantGroup;
			children = (
				17760DC7218ADBB20072665B /* Base */,
			);
			name = LaunchScreen.storyboard;
			sourceTree = "<group>";
		};
/* End PBXVariantGroup section */

/* Begin XCBuildConfiguration section */
		17760DE0218ADBB20072665B /* Debug */ = {
			isa = XCBuildConfiguration;
			buildSettings = {
				ALWAYS_SEARCH_USER_PATHS = NO;
				CLANG_ANALYZER_NONNULL = YES;
				CLANG_ANALYZER_NUMBER_OBJECT_CONVERSION = YES_AGGRESSIVE;
				CLANG_CXX_LANGUAGE_STANDARD = "gnu++14";
				CLANG_CXX_LIBRARY = "libc++";
				CLANG_ENABLE_MODULES = YES;
				CLANG_ENABLE_OBJC_ARC = YES;
				CLANG_ENABLE_OBJC_WEAK = YES;
				CLANG_WARN_BLOCK_CAPTURE_AUTORELEASING = YES;
				CLANG_WARN_BOOL_CONVERSION = YES;
				CLANG_WARN_COMMA = YES;
				CLANG_WARN_CONSTANT_CONVERSION = YES;
				CLANG_WARN_DEPRECATED_OBJC_IMPLEMENTATIONS = YES;
				CLANG_WARN_DIRECT_OBJC_ISA_USAGE = YES_ERROR;
				CLANG_WARN_DOCUMENTATION_COMMENTS = YES;
				CLANG_WARN_EMPTY_BODY = YES;
				CLANG_WARN_ENUM_CONVERSION = YES;
				CLANG_WARN_INFINITE_RECURSION = YES;
				CLANG_WARN_INT_CONVERSION = YES;
				CLANG_WARN_NON_LITERAL_NULL_CONVERSION = YES;
				CLANG_WARN_OBJC_IMPLICIT_RETAIN_SELF = YES;
				CLANG_WARN_OBJC_LITERAL_CONVERSION = YES;
				CLANG_WARN_OBJC_ROOT_CLASS = YES_ERROR;
				CLANG_WARN_RANGE_LOOP_ANALYSIS = YES;
				CLANG_WARN_STRICT_PROTOTYPES = YES;
				CLANG_WARN_SUSPICIOUS_MOVE = YES;
				CLANG_WARN_UNGUARDED_AVAILABILITY = YES_AGGRESSIVE;
				CLANG_WARN_UNREACHABLE_CODE = YES;
				CLANG_WARN__DUPLICATE_METHOD_MATCH = YES;
				CODE_SIGN_IDENTITY = "iPhone Developer";
				COPY_PHASE_STRIP = NO;
				DEBUG_INFORMATION_FORMAT = dwarf;
				ENABLE_STRICT_OBJC_MSGSEND = YES;
				ENABLE_TESTABILITY = YES;
				GCC_C_LANGUAGE_STANDARD = gnu11;
				GCC_DYNAMIC_NO_PIC = NO;
				GCC_NO_COMMON_BLOCKS = YES;
				GCC_OPTIMIZATION_LEVEL = 0;
				GCC_PREPROCESSOR_DEFINITIONS = (
					"DEBUG=1",
					"$(inherited)",
				);
				GCC_WARN_64_TO_32_BIT_CONVERSION = YES;
				GCC_WARN_ABOUT_RETURN_TYPE = YES_ERROR;
				GCC_WARN_UNDECLARED_SELECTOR = YES;
				GCC_WARN_UNINITIALIZED_AUTOS = YES_AGGRESSIVE;
				GCC_WARN_UNUSED_FUNCTION = YES;
				GCC_WARN_UNUSED_VARIABLE = YES;
				IPHONEOS_DEPLOYMENT_TARGET = 12.0;
				MTL_ENABLE_DEBUG_INFO = INCLUDE_SOURCE;
				MTL_FAST_MATH = YES;
				ONLY_ACTIVE_ARCH = YES;
				SDKROOT = iphoneos;
				SWIFT_ACTIVE_COMPILATION_CONDITIONS = DEBUG;
				SWIFT_OPTIMIZATION_LEVEL = "-Onone";
			};
			name = Debug;
		};
		17760DE1218ADBB20072665B /* Release */ = {
			isa = XCBuildConfiguration;
			buildSettings = {
				ALWAYS_SEARCH_USER_PATHS = NO;
				CLANG_ANALYZER_NONNULL = YES;
				CLANG_ANALYZER_NUMBER_OBJECT_CONVERSION = YES_AGGRESSIVE;
				CLANG_CXX_LANGUAGE_STANDARD = "gnu++14";
				CLANG_CXX_LIBRARY = "libc++";
				CLANG_ENABLE_MODULES = YES;
				CLANG_ENABLE_OBJC_ARC = YES;
				CLANG_ENABLE_OBJC_WEAK = YES;
				CLANG_WARN_BLOCK_CAPTURE_AUTORELEASING = YES;
				CLANG_WARN_BOOL_CONVERSION = YES;
				CLANG_WARN_COMMA = YES;
				CLANG_WARN_CONSTANT_CONVERSION = YES;
				CLANG_WARN_DEPRECATED_OBJC_IMPLEMENTATIONS = YES;
				CLANG_WARN_DIRECT_OBJC_ISA_USAGE = YES_ERROR;
				CLANG_WARN_DOCUMENTATION_COMMENTS = YES;
				CLANG_WARN_EMPTY_BODY = YES;
				CLANG_WARN_ENUM_CONVERSION = YES;
				CLANG_WARN_INFINITE_RECURSION = YES;
				CLANG_WARN_INT_CONVERSION = YES;
				CLANG_WARN_NON_LITERAL_NULL_CONVERSION = YES;
				CLANG_WARN_OBJC_IMPLICIT_RETAIN_SELF = YES;
				CLANG_WARN_OBJC_LITERAL_CONVERSION = YES;
				CLANG_WARN_OBJC_ROOT_CLASS = YES_ERROR;
				CLANG_WARN_RANGE_LOOP_ANALYSIS = YES;
				CLANG_WARN_STRICT_PROTOTYPES = YES;
				CLANG_WARN_SUSPICIOUS_MOVE = YES;
				CLANG_WARN_UNGUARDED_AVAILABILITY = YES_AGGRESSIVE;
				CLANG_WARN_UNREACHABLE_CODE = YES;
				CLANG_WARN__DUPLICATE_METHOD_MATCH = YES;
				CODE_SIGN_IDENTITY = "iPhone Developer";
				COPY_PHASE_STRIP = NO;
				DEBUG_INFORMATION_FORMAT = "dwarf-with-dsym";
				ENABLE_NS_ASSERTIONS = NO;
				ENABLE_STRICT_OBJC_MSGSEND = YES;
				GCC_C_LANGUAGE_STANDARD = gnu11;
				GCC_NO_COMMON_BLOCKS = YES;
				GCC_WARN_64_TO_32_BIT_CONVERSION = YES;
				GCC_WARN_ABOUT_RETURN_TYPE = YES_ERROR;
				GCC_WARN_UNDECLARED_SELECTOR = YES;
				GCC_WARN_UNINITIALIZED_AUTOS = YES_AGGRESSIVE;
				GCC_WARN_UNUSED_FUNCTION = YES;
				GCC_WARN_UNUSED_VARIABLE = YES;
				IPHONEOS_DEPLOYMENT_TARGET = 12.0;
				MTL_ENABLE_DEBUG_INFO = NO;
				MTL_FAST_MATH = YES;
				SDKROOT = iphoneos;
				SWIFT_COMPILATION_MODE = wholemodule;
				SWIFT_OPTIMIZATION_LEVEL = "-O";
				VALIDATE_PRODUCT = YES;
			};
			name = Release;
		};
		17760DE3218ADBB20072665B /* Debug */ = {
			isa = XCBuildConfiguration;
			buildSettings = {
				ASSETCATALOG_COMPILER_APPICON_NAME = AppIcon;
				CODE_SIGN_STYLE = Automatic;
				DEVELOPMENT_TEAM = K2EH573CUQ;
				INFOPLIST_FILE = Aquaspector/Info.plist;
				LD_RUNPATH_SEARCH_PATHS = (
					"$(inherited)",
					"@executable_path/Frameworks",
				);
				PRODUCT_BUNDLE_IDENTIFIER = "CodeLife-Productions.Aquaspector";
				PRODUCT_NAME = "$(TARGET_NAME)";
				SWIFT_VERSION = 4.2;
				TARGETED_DEVICE_FAMILY = "1,2";
			};
			name = Debug;
		};
		17760DE4218ADBB20072665B /* Release */ = {
			isa = XCBuildConfiguration;
			buildSettings = {
				ASSETCATALOG_COMPILER_APPICON_NAME = AppIcon;
				CODE_SIGN_STYLE = Automatic;
				DEVELOPMENT_TEAM = K2EH573CUQ;
				INFOPLIST_FILE = Aquaspector/Info.plist;
				LD_RUNPATH_SEARCH_PATHS = (
					"$(inherited)",
					"@executable_path/Frameworks",
				);
				PRODUCT_BUNDLE_IDENTIFIER = "CodeLife-Productions.Aquaspector";
				PRODUCT_NAME = "$(TARGET_NAME)";
				SWIFT_VERSION = 4.2;
				TARGETED_DEVICE_FAMILY = "1,2";
			};
			name = Release;
		};
		17760DE6218ADBB20072665B /* Debug */ = {
			isa = XCBuildConfiguration;
			buildSettings = {
				ALWAYS_EMBED_SWIFT_STANDARD_LIBRARIES = YES;
				BUNDLE_LOADER = "$(TEST_HOST)";
				CODE_SIGN_STYLE = Automatic;
				DEVELOPMENT_TEAM = K2EH573CUQ;
				INFOPLIST_FILE = AquaspectorTests/Info.plist;
				LD_RUNPATH_SEARCH_PATHS = (
					"$(inherited)",
					"@executable_path/Frameworks",
					"@loader_path/Frameworks",
				);
				PRODUCT_BUNDLE_IDENTIFIER = "CodeLife-Productions.AquaspectorTests";
				PRODUCT_NAME = "$(TARGET_NAME)";
				SWIFT_VERSION = 4.2;
				TARGETED_DEVICE_FAMILY = "1,2";
				TEST_HOST = "$(BUILT_PRODUCTS_DIR)/Aquaspector.app/Aquaspector";
			};
			name = Debug;
		};
		17760DE7218ADBB20072665B /* Release */ = {
			isa = XCBuildConfiguration;
			buildSettings = {
				ALWAYS_EMBED_SWIFT_STANDARD_LIBRARIES = YES;
				BUNDLE_LOADER = "$(TEST_HOST)";
				CODE_SIGN_STYLE = Automatic;
				DEVELOPMENT_TEAM = K2EH573CUQ;
				INFOPLIST_FILE = AquaspectorTests/Info.plist;
				LD_RUNPATH_SEARCH_PATHS = (
					"$(inherited)",
					"@executable_path/Frameworks",
					"@loader_path/Frameworks",
				);
				PRODUCT_BUNDLE_IDENTIFIER = "CodeLife-Productions.AquaspectorTests";
				PRODUCT_NAME = "$(TARGET_NAME)";
				SWIFT_VERSION = 4.2;
				TARGETED_DEVICE_FAMILY = "1,2";
				TEST_HOST = "$(BUILT_PRODUCTS_DIR)/Aquaspector.app/Aquaspector";
			};
			name = Release;
		};
		17760DE9218ADBB20072665B /* Debug */ = {
			isa = XCBuildConfiguration;
			buildSettings = {
				ALWAYS_EMBED_SWIFT_STANDARD_LIBRARIES = YES;
				CODE_SIGN_STYLE = Automatic;
				DEVELOPMENT_TEAM = K2EH573CUQ;
				INFOPLIST_FILE = AquaspectorUITests/Info.plist;
				LD_RUNPATH_SEARCH_PATHS = (
					"$(inherited)",
					"@executable_path/Frameworks",
					"@loader_path/Frameworks",
				);
				PRODUCT_BUNDLE_IDENTIFIER = "CodeLife-Productions.AquaspectorUITests";
				PRODUCT_NAME = "$(TARGET_NAME)";
				SWIFT_VERSION = 4.2;
				TARGETED_DEVICE_FAMILY = "1,2";
				TEST_TARGET_NAME = Aquaspector;
			};
			name = Debug;
		};
		17760DEA218ADBB20072665B /* Release */ = {
			isa = XCBuildConfiguration;
			buildSettings = {
				ALWAYS_EMBED_SWIFT_STANDARD_LIBRARIES = YES;
				CODE_SIGN_STYLE = Automatic;
				DEVELOPMENT_TEAM = K2EH573CUQ;
				INFOPLIST_FILE = AquaspectorUITests/Info.plist;
				LD_RUNPATH_SEARCH_PATHS = (
					"$(inherited)",
					"@executable_path/Frameworks",
					"@loader_path/Frameworks",
				);
				PRODUCT_BUNDLE_IDENTIFIER = "CodeLife-Productions.AquaspectorUITests";
				PRODUCT_NAME = "$(TARGET_NAME)";
				SWIFT_VERSION = 4.2;
				TARGETED_DEVICE_FAMILY = "1,2";
				TEST_TARGET_NAME = Aquaspector;
			};
			name = Release;
		};
/* End XCBuildConfiguration section */

/* Begin XCConfigurationList section */
		17760DB2218ADBB00072665B /* Build configuration list for PBXProject "Aquaspector" */ = {
			isa = XCConfigurationList;
			buildConfigurations = (
				17760DE0218ADBB20072665B /* Debug */,
				17760DE1218ADBB20072665B /* Release */,
			);
			defaultConfigurationIsVisible = 0;
			defaultConfigurationName = Release;
		};
		17760DE2218ADBB20072665B /* Build configuration list for PBXNativeTarget "Aquaspector" */ = {
			isa = XCConfigurationList;
			buildConfigurations = (
				17760DE3218ADBB20072665B /* Debug */,
				17760DE4218ADBB20072665B /* Release */,
			);
			defaultConfigurationIsVisible = 0;
			defaultConfigurationName = Release;
		};
		17760DE5218ADBB20072665B /* Build configuration list for PBXNativeTarget "AquaspectorTests" */ = {
			isa = XCConfigurationList;
			buildConfigurations = (
				17760DE6218ADBB20072665B /* Debug */,
				17760DE7218ADBB20072665B /* Release */,
			);
			defaultConfigurationIsVisible = 0;
			defaultConfigurationName = Release;
		};
		17760DE8218ADBB20072665B /* Build configuration list for PBXNativeTarget "AquaspectorUITests" */ = {
			isa = XCConfigurationList;
			buildConfigurations = (
				17760DE9218ADBB20072665B /* Debug */,
				17760DEA218ADBB20072665B /* Release */,
			);
			defaultConfigurationIsVisible = 0;
			defaultConfigurationName = Release;
		};
/* End XCConfigurationList section */

/* Begin XCVersionGroup section */
		17760DC1218ADBB00072665B /* Aquaspector.xcdatamodeld */ = {
			isa = XCVersionGroup;
			children = (
				17760DC2218ADBB00072665B /* Aquaspector.xcdatamodel */,
			);
			currentVersion = 17760DC2218ADBB00072665B /* Aquaspector.xcdatamodel */;
			path = Aquaspector.xcdatamodeld;
			sourceTree = "<group>";
			versionGroupType = wrapper.xcdatamodel;
		};
/* End XCVersionGroup section */
	};
	rootObject = 17760DAF218ADBB00072665B /* Project object */;
}
